
Microsoft Visual Studio Solution File, Format Version 12.00
# Visual Studio Version 17
VisualStudioVersion = 17.4.33122.133
MinimumVisualStudioVersion = 10.0.40219.1
Project("{FAE04EC0-301F-11D3-BF4B-00C04F79EFBC}") = "Strings", "Strings\Strings.csproj", "{BF7232E0-351E-4AEF-AEC1-B0F26D7A6176}"
EndProject
Global
	GlobalSection(SolutionConfigurationPlatforms) = preSolution
		Debug|Any CPU = Debug|Any CPU
		Release|Any CPU = Release|Any CPU
	EndGlobalSection
	GlobalSection(ProjectConfigurationPlatforms) = postSolution
		{BF7232E0-351E-4AEF-AEC1-B0F26D7A6176}.Debug|Any CPU.ActiveCfg = Debug|Any CPU
		{BF7232E0-351E-4AEF-AEC1-B0F26D7A6176}.Debug|Any CPU.Build.0 = Debug|Any CPU
		{BF7232E0-351E-4AEF-AEC1-B0F26D7A6176}.Release|Any CPU.ActiveCfg = Release|Any CPU
		{BF7232E0-351E-4AEF-AEC1-B0F26D7A6176}.Release|Any CPU.Build.0 = Release|Any CPU
	EndGlobalSection
	GlobalSection(SolutionProperties) = preSolution
		HideSolutionNode = FALSE
	EndGlobalSection
	GlobalSection(ExtensibilityGlobals) = postSolution
		SolutionGuid = {80344657-4EA3-48DF-8568-45034E2E098C}
	EndGlobalSection
EndGlobal
